# This file is automatically @generated by Cargo.
# It is not intended for manual editing.
version = 4

[[package]]
name = "gdrust-collision"
version = "0.1.0"

[[package]]
name = "gdrust-kit"
version = "0.1.0"
dependencies = [
 "gdrust-collision",
 "gdrust-pathfinding",
]

[[package]]
name = "gdrust-pathfinding"
version = "0.1.0"
