# This file is automatically @generated by Cargo.
# It is not intended for manual editing.
version = 4

[[package]]
name = "gdrust_collision"
version = "0.1.2"

[[package]]
name = "gdrust_kit"
version = "0.1.2"
dependencies = [
 "gdrust_collision",
 "gdrust_pathfinding",
 "gdrust_player_controller",
 "gdrust_utils",
]

[[package]]
name = "gdrust_pathfinding"
version = "0.1.2"

[[package]]
name = "gdrust_player_controller"
version = "0.1.1"

[[package]]
name = "gdrust_utils"
version = "0.1.0"
