# This file is automatically @generated by Cargo.
# It is not intended for manual editing.
version = 4

[[package]]
name = "gdrust_collision"
version = "0.1.0"

[[package]]
name = "gdrust_kit"
version = "0.1.0"
dependencies = [
 "gdrust_collision",
 "gdrust_pathfinding",
]

[[package]]
name = "gdrust_pathfinding"
version = "0.1.0"
